
Microsoft Visual Studio Solution File, Format Version 12.00
# Visual Studio Version 17
VisualStudioVersion = 17.14.37614.0 d17.14
MinimumVisualStudioVersion = 10.0.40219.1
Project("{8BC9CEB8-8B4A-11D0-8D11-00A0C91BC942}") = "project task 01", "project task 01\project task 01.vcxproj", "{4DB7BA62-C4CE-4D6A-ACA7-A5C3E4056127}"
EndProject
Project("{8BC9CEB8-8B4A-11D0-8D11-00A0C91BC942}") = "Project task 02", "Project task 02\Project task 02.vcxproj", "{13CFED93-FBC1-4757-83E0-7EAC2EF0FF8D}"
EndProject
Project("{8BC9CEB8-8B4A-11D0-8D11-00A0C91BC942}") = "Project task 03", "Project task 03\Project task 03.vcxproj", "{441E7473-C2C6-439C-814F-D7F3CE97684E}"
EndProject
Project("{8BC9CEB8-8B4A-11D0-8D11-00A0C91BC942}") = "Project task 04", "Project task 04\Project task 04.vcxproj", "{41A34D21-3256-4E75-B588-93B2698976A8}"
EndProject
Project("{8BC9CEB8-8B4A-11D0-8D11-00A0C91BC942}") = "Project task 05", "Project task 05\Project task 05.vcxproj", "{BE8092B7-17DD-4DA3-9F94-D994AD6468D2}"
EndProject
Project("{8BC9CEB8-8B4A-11D0-8D11-00A0C91BC942}") = "Project task 06", "Project task 06\Project task 06.vcxproj", "{DFF19E01-808C-4479-B540-1567B40E791C}"
EndProject
Project("{8BC9CEB8-8B4A-11D0-8D11-00A0C91BC942}") = "Project task 07", "Project task 07\Project task 07.vcxproj", "{A4008B50-CFC7-428A-AE72-178B413C6AD8}"
EndProject
Global
	GlobalSection(SolutionConfigurationPlatforms) = preSolution
		Debug|x64 = Debug|x64
		Debug|x86 = Debug|x86
		Release|x64 = Release|x64
		Release|x86 = Release|x86
	EndGlobalSection
	GlobalSection(ProjectConfigurationPlatforms) = postSolution
		{4DB7BA62-C4CE-4D6A-ACA7-A5C3E4056127}.Debug|x64.ActiveCfg = Debug|x64
		{4DB7BA62-C4CE-4D6A-ACA7-A5C3E4056127}.Debug|x64.Build.0 = Debug|x64
		{4DB7BA62-C4CE-4D6A-ACA7-A5C3E4056127}.Debug|x86.ActiveCfg = Debug|Win32
		{4DB7BA62-C4CE-4D6A-ACA7-A5C3E4056127}.Debug|x86.Build.0 = Debug|Win32
		{4DB7BA62-C4CE-4D6A-ACA7-A5C3E4056127}.Release|x64.ActiveCfg = Release|x64
		{4DB7BA62-C4CE-4D6A-ACA7-A5C3E4056127}.Release|x64.Build.0 = Release|x64
		{4DB7BA62-C4CE-4D6A-ACA7-A5C3E4056127}.Release|x86.ActiveCfg = Release|Win32
		{4DB7BA62-C4CE-4D6A-ACA7-A5C3E4056127}.Release|x86.Build.0 = Release|Win32
		{13CFED93-FBC1-4757-83E0-7EAC2EF0FF8D}.Debug|x64.ActiveCfg = Debug|x64
		{13CFED93-FBC1-4757-83E0-7EAC2EF0FF8D}.Debug|x64.Build.0 = Debug|x64
		{13CFED93-FBC1-4757-83E0-7EAC2EF0FF8D}.Debug|x86.ActiveCfg = Debug|Win32
		{13CFED93-FBC1-4757-83E0-7EAC2EF0FF8D}.Debug|x86.Build.0 = Debug|Win32
		{13CFED93-FBC1-4757-83E0-7EAC2EF0FF8D}.Release|x64.ActiveCfg = Release|x64
		{13CFED93-FBC1-4757-83E0-7EAC2EF0FF8D}.Release|x64.Build.0 = Release|x64
		{13CFED93-FBC1-4757-83E0-7EAC2EF0FF8D}.Release|x86.ActiveCfg = Release|Win32
		{13CFED93-FBC1-4757-83E0-7EAC2EF0FF8D}.Release|x86.Build.0 = Release|Win32
		{441E7473-C2C6-439C-814F-D7F3CE97684E}.Debug|x64.ActiveCfg = Debug|x64
		{441E7473-C2C6-439C-814F-D7F3CE97684E}.Debug|x64.Build.0 = Debug|x64
		{441E7473-C2C6-439C-814F-D7F3CE97684E}.Debug|x86.ActiveCfg = Debug|Win32
		{441E7473-C2C6-439C-814F-D7F3CE97684E}.Debug|x86.Build.0 = Debug|Win32
		{441E7473-C2C6-439C-814F-D7F3CE97684E}.Release|x64.ActiveCfg = Release|x64
		{441E7473-C2C6-439C-814F-D7F3CE97684E}.Release|x64.Build.0 = Release|x64
		{441E7473-C2C6-439C-814F-D7F3CE97684E}.Release|x86.ActiveCfg = Release|Win32
		{441E7473-C2C6-439C-814F-D7F3CE97684E}.Release|x86.Build.0 = Release|Win32
		{41A34D21-3256-4E75-B588-93B2698976A8}.Debug|x64.ActiveCfg = Debug|x64
		{41A34D21-3256-4E75-B588-93B2698976A8}.Debug|x64.Build.0 = Debug|x64
		{41A34D21-3256-4E75-B588-93B2698976A8}.Debug|x86.ActiveCfg = Debug|Win32
		{41A34D21-3256-4E75-B588-93B2698976A8}.Debug|x86.Build.0 = Debug|Win32
		{41A34D21-3256-4E75-B588-93B2698976A8}.Release|x64.ActiveCfg = Release|x64
		{41A34D21-3256-4E75-B588-93B2698976A8}.Release|x64.Build.0 = Release|x64
		{41A34D21-3256-4E75-B588-93B2698976A8}.Release|x86.ActiveCfg = Release|Win32
		{41A34D21-3256-4E75-B588-93B2698976A8}.Release|x86.Build.0 = Release|Win32
		{BE8092B7-17DD-4DA3-9F94-D994AD6468D2}.Debug|x64.ActiveCfg = Debug|x64
		{BE8092B7-17DD-4DA3-9F94-D994AD6468D2}.Debug|x64.Build.0 = Debug|x64
		{BE8092B7-17DD-4DA3-9F94-D994AD6468D2}.Debug|x86.ActiveCfg = Debug|Win32
		{BE8092B7-17DD-4DA3-9F94-D994AD6468D2}.Debug|x86.Build.0 = Debug|Win32
		{BE8092B7-17DD-4DA3-9F94-D994AD6468D2}.Release|x64.ActiveCfg = Release|x64
		{BE8092B7-17DD-4DA3-9F94-D994AD6468D2}.Release|x64.Build.0 = Release|x64
		{BE8092B7-17DD-4DA3-9F94-D994AD6468D2}.Release|x86.ActiveCfg = Release|Win32
		{BE8092B7-17DD-4DA3-9F94-D994AD6468D2}.Release|x86.Build.0 = Release|Win32
		{DFF19E01-808C-4479-B540-1567B40E791C}.Debug|x64.ActiveCfg = Debug|x64
		{DFF19E01-808C-4479-B540-1567B40E791C}.Debug|x64.Build.0 = Debug|x64
		{DFF19E01-808C-4479-B540-1567B40E791C}.Debug|x86.ActiveCfg = Debug|Win32
		{DFF19E01-808C-4479-B540-1567B40E791C}.Debug|x86.Build.0 = Debug|Win32
		{DFF19E01-808C-4479-B540-1567B40E791C}.Release|x64.ActiveCfg = Release|x64
		{DFF19E01-808C-4479-B540-1567B40E791C}.Release|x64.Build.0 = Release|x64
		{DFF19E01-808C-4479-B540-1567B40E791C}.Release|x86.ActiveCfg = Release|Win32
		{DFF19E01-808C-4479-B540-1567B40E791C}.Release|x86.Build.0 = Release|Win32
		{A4008B50-CFC7-428A-AE72-178B413C6AD8}.Debug|x64.ActiveCfg = Debug|x64
		{A4008B50-CFC7-428A-AE72-178B413C6AD8}.Debug|x64.Build.0 = Debug|x64
		{A4008B50-CFC7-428A-AE72-178B413C6AD8}.Debug|x86.ActiveCfg = Debug|Win32
		{A4008B50-CFC7-428A-AE72-178B413C6AD8}.Debug|x86.Build.0 = Debug|Win32
		{A4008B50-CFC7-428A-AE72-178B413C6AD8}.Release|x64.ActiveCfg = Release|x64
		{A4008B50-CFC7-428A-AE72-178B413C6AD8}.Release|x64.Build.0 = Release|x64
		{A4008B50-CFC7-428A-AE72-178B413C6AD8}.Release|x86.ActiveCfg = Release|Win32
		{A4008B50-CFC7-428A-AE72-178B413C6AD8}.Release|x86.Build.0 = Release|Win32
	EndGlobalSection
	GlobalSection(SolutionProperties) = preSolution
		HideSolutionNode = FALSE
	EndGlobalSection
	GlobalSection(ExtensibilityGlobals) = postSolution
		SolutionGuid = {20808826-3E22-427A-BB56-ED1C9B67A67A}
	EndGlobalSection
EndGlobal
